
Microsoft Visual Studio Solution File, Format Version 12.00
# Visual Studio Version 17
VisualStudioVersion = 17.5.33414.496
MinimumVisualStudioVersion = 10.0.40219.1
Project("{9A19103F-16F7-4668-BE54-9A1E7A4F7556}") = "MineSweeperGUI", "MineSweeperGUI\MineSweeperGUI.csproj", "{9F7957DF-0552-4799-8850-556180C8B00F}"
EndProject
Project("{9A19103F-16F7-4668-BE54-9A1E7A4F7556}") = "MinesweeperV4", "MinesweeperV4\MinesweeperV4.csproj", "{587F87B9-D484-454B-BCF0-EE4410CA2260}"
EndProject
Global
	GlobalSection(SolutionConfigurationPlatforms) = preSolution
		Debug|Any CPU = Debug|Any CPU
		Release|Any CPU = Release|Any CPU
	EndGlobalSection
	GlobalSection(ProjectConfigurationPlatforms) = postSolution
		{9F7957DF-0552-4799-8850-556180C8B00F}.Debug|Any CPU.ActiveCfg = Debug|Any CPU
		{9F7957DF-0552-4799-8850-556180C8B00F}.Debug|Any CPU.Build.0 = Debug|Any CPU
		{9F7957DF-0552-4799-8850-556180C8B00F}.Release|Any CPU.ActiveCfg = Release|Any CPU
		{9F7957DF-0552-4799-8850-556180C8B00F}.Release|Any CPU.Build.0 = Release|Any CPU
		{587F87B9-D484-454B-BCF0-EE4410CA2260}.Debug|Any CPU.ActiveCfg = Debug|Any CPU
		{587F87B9-D484-454B-BCF0-EE4410CA2260}.Debug|Any CPU.Build.0 = Debug|Any CPU
		{587F87B9-D484-454B-BCF0-EE4410CA2260}.Release|Any CPU.ActiveCfg = Release|Any CPU
		{587F87B9-D484-454B-BCF0-EE4410CA2260}.Release|Any CPU.Build.0 = Release|Any CPU
	EndGlobalSection
	GlobalSection(SolutionProperties) = preSolution
		HideSolutionNode = FALSE
	EndGlobalSection
	GlobalSection(ExtensibilityGlobals) = postSolution
		SolutionGuid = {51B68498-5378-44FE-9FE5-FA0F2500040F}
	EndGlobalSection
EndGlobal
